// !$*UTF8*$!
{
	archiveVersion = 1;
	classes = {
	};
	objectVersion = 48;
	objects = {

/* Begin PBXBuildFile section */
		5A89660A1F99D2C90042FC54 /* AppDelegate.swift in Sources */ = {isa = PBXBuildFile; fileRef = 5A8966091F99D2C90042FC54 /* AppDelegate.swift */; };
		5A89660C1F99D2C90042FC54 /* ViewController.swift in Sources */ = {isa = PBXBuildFile; fileRef = 5A89660B1F99D2C90042FC54 /* ViewController.swift */; };
		5A89660F1F99D2C90042FC54 /* Main.storyboard in Resources */ = {isa = PBXBuildFile; fileRef = 5A89660D1F99D2C90042FC54 /* Main.storyboard */; };
		5A8966111F99D2CA0042FC54 /* Assets.xcassets in Resources */ = {isa = PBXBuildFile; fileRef = 5A8966101F99D2CA0042FC54 /* Assets.xcassets */; };
		5A8966141F99D2CA0042FC54 /* LaunchScreen.storyboard in Resources */ = {isa = PBXBuildFile; fileRef = 5A8966121F99D2CA0042FC54 /* LaunchScreen.storyboard */; };
		5A8966191F99D2CA0042FC54 /* RSSpringApp WatchKit App.app in Embed Watch Content */ = {isa = PBXBuildFile; fileRef = 5A8966181F99D2CA0042FC54 /* RSSpringApp WatchKit App.app */; };
		5A89661F1F99D2CA0042FC54 /* Interface.storyboard in Resources */ = {isa = PBXBuildFile; fileRef = 5A89661D1F99D2CA0042FC54 /* Interface.storyboard */; };
		5A8966211F99D2CA0042FC54 /* Assets.xcassets in Resources */ = {isa = PBXBuildFile; fileRef = 5A8966201F99D2CA0042FC54 /* Assets.xcassets */; };
		5A8966281F99D2CA0042FC54 /* RSSpringApp WatchKit Extension.appex in Embed App Extensions */ = {isa = PBXBuildFile; fileRef = 5A8966271F99D2CA0042FC54 /* RSSpringApp WatchKit Extension.appex */; settings = {ATTRIBUTES = (RemoveHeadersOnCopy, ); }; };
		5A89662D1F99D2CA0042FC54 /* InterfaceController.swift in Sources */ = {isa = PBXBuildFile; fileRef = 5A89662C1F99D2CA0042FC54 /* InterfaceController.swift */; };
		5A89662F1F99D2CA0042FC54 /* ExtensionDelegate.swift in Sources */ = {isa = PBXBuildFile; fileRef = 5A89662E1F99D2CA0042FC54 /* ExtensionDelegate.swift */; };
		5A8966311F99D2CB0042FC54 /* Assets.xcassets in Resources */ = {isa = PBXBuildFile; fileRef = 5A8966301F99D2CB0042FC54 /* Assets.xcassets */; };
		5A8966431F99D40F0042FC54 /* LoadingScene.sks in Resources */ = {isa = PBXBuildFile; fileRef = 5A8966421F99D40F0042FC54 /* LoadingScene.sks */; };
		5AA1BBCC1F99D9FB00F785B1 /* LoadingScene.swift in Sources */ = {isa = PBXBuildFile; fileRef = 5AA1BBCB1F99D9FB00F785B1 /* LoadingScene.swift */; };
/* End PBXBuildFile section */

/* Begin PBXContainerItemProxy section */
		5A89661A1F99D2CA0042FC54 /* PBXContainerItemProxy */ = {
			isa = PBXContainerItemProxy;
			containerPortal = 5A8965FE1F99D2C90042FC54 /* Project object */;
			proxyType = 1;
			remoteGlobalIDString = 5A8966171F99D2CA0042FC54;
			remoteInfo = "RSSpringApp WatchKit App";
		};
		5A8966291F99D2CA0042FC54 /* PBXContainerItemProxy */ = {
			isa = PBXContainerItemProxy;
			containerPortal = 5A8965FE1F99D2C90042FC54 /* Project object */;
			proxyType = 1;
			remoteGlobalIDString = 5A8966261F99D2CA0042FC54;
			remoteInfo = "RSSpringApp WatchKit Extension";
		};
/* End PBXContainerItemProxy section */

/* Begin PBXCopyFilesBuildPhase section */
		5A8966381F99D2CB0042FC54 /* Embed App Extensions */ = {
			isa = PBXCopyFilesBuildPhase;
			buildActionMask = 2147483647;
			dstPath = "";
			dstSubfolderSpec = 13;
			files = (
				5A8966281F99D2CA0042FC54 /* RSSpringApp WatchKit Extension.appex in Embed App Extensions */,
			);
			name = "Embed App Extensions";
			runOnlyForDeploymentPostprocessing = 0;
		};
		5A89663C1F99D2CB0042FC54 /* Embed Watch Content */ = {
			isa = PBXCopyFilesBuildPhase;
			buildActionMask = 2147483647;
			dstPath = "$(CONTENTS_FOLDER_PATH)/Watch";
			dstSubfolderSpec = 16;
			files = (
				5A8966191F99D2CA0042FC54 /* RSSpringApp WatchKit App.app in Embed Watch Content */,
			);
			name = "Embed Watch Content";
			runOnlyForDeploymentPostprocessing = 0;
		};
/* End PBXCopyFilesBuildPhase section */

/* Begin PBXFileReference section */
		5A8966061F99D2C90042FC54 /* RSSpringApp.app */ = {isa = PBXFileReference; explicitFileType = wrapper.application; includeInIndex = 0; path = RSSpringApp.app; sourceTree = BUILT_PRODUCTS_DIR; };
		5A8966091F99D2C90042FC54 /* AppDelegate.swift */ = {isa = PBXFileReference; lastKnownFileType = sourcecode.swift; path = AppDelegate.swift; sourceTree = "<group>"; };
		5A89660B1F99D2C90042FC54 /* ViewController.swift */ = {isa = PBXFileReference; lastKnownFileType = sourcecode.swift; path = ViewController.swift; sourceTree = "<group>"; };
		5A89660E1F99D2C90042FC54 /* Base */ = {isa = PBXFileReference; lastKnownFileType = file.storyboard; name = Base; path = Base.lproj/Main.storyboard; sourceTree = "<group>"; };
		5A8966101F99D2CA0042FC54 /* Assets.xcassets */ = {isa = PBXFileReference; lastKnownFileType = folder.assetcatalog; path = Assets.xcassets; sourceTree = "<group>"; };
		5A8966131F99D2CA0042FC54 /* Base */ = {isa = PBXFileReference; lastKnownFileType = file.storyboard; name = Base; path = Base.lproj/LaunchScreen.storyboard; sourceTree = "<group>"; };
		5A8966151F99D2CA0042FC54 /* Info.plist */ = {isa = PBXFileReference; lastKnownFileType = text.plist.xml; path = Info.plist; sourceTree = "<group>"; };
		5A8966181F99D2CA0042FC54 /* RSSpringApp WatchKit App.app */ = {isa = PBXFileReference; explicitFileType = wrapper.application; includeInIndex = 0; path = "RSSpringApp WatchKit App.app"; sourceTree = BUILT_PRODUCTS_DIR; };
		5A89661E1F99D2CA0042FC54 /* Base */ = {isa = PBXFileReference; lastKnownFileType = file.storyboard; name = Base; path = Base.lproj/Interface.storyboard; sourceTree = "<group>"; };
		5A8966201F99D2CA0042FC54 /* Assets.xcassets */ = {isa = PBXFileReference; lastKnownFileType = folder.assetcatalog; path = Assets.xcassets; sourceTree = "<group>"; };
		5A8966221F99D2CA0042FC54 /* Info.plist */ = {isa = PBXFileReference; lastKnownFileType = text.plist.xml; path = Info.plist; sourceTree = "<group>"; };
		5A8966271F99D2CA0042FC54 /* RSSpringApp WatchKit Extension.appex */ = {isa = PBXFileReference; explicitFileType = "wrapper.app-extension"; includeInIndex = 0; path = "RSSpringApp WatchKit Extension.appex"; sourceTree = BUILT_PRODUCTS_DIR; };
		5A89662C1F99D2CA0042FC54 /* InterfaceController.swift */ = {isa = PBXFileReference; lastKnownFileType = sourcecode.swift; path = InterfaceController.swift; sourceTree = "<group>"; };
		5A89662E1F99D2CA0042FC54 /* ExtensionDelegate.swift */ = {isa = PBXFileReference; lastKnownFileType = sourcecode.swift; path = ExtensionDelegate.swift; sourceTree = "<group>"; };
		5A8966301F99D2CB0042FC54 /* Assets.xcassets */ = {isa = PBXFileReference; lastKnownFileType = folder.assetcatalog; path = Assets.xcassets; sourceTree = "<group>"; };
		5A8966321F99D2CB0042FC54 /* Info.plist */ = {isa = PBXFileReference; lastKnownFileType = text.plist.xml; path = Info.plist; sourceTree = "<group>"; };
		5A8966421F99D40F0042FC54 /* LoadingScene.sks */ = {isa = PBXFileReference; lastKnownFileType = file.sks; path = LoadingScene.sks; sourceTree = "<group>"; };
		5AA1BBCB1F99D9FB00F785B1 /* LoadingScene.swift */ = {isa = PBXFileReference; lastKnownFileType = sourcecode.swift; path = LoadingScene.swift; sourceTree = "<group>"; };
/* End PBXFileReference section */

/* Begin PBXFrameworksBuildPhase section */
		5A8966031F99D2C90042FC54 /* Frameworks */ = {
			isa = PBXFrameworksBuildPhase;
			buildActionMask = 2147483647;
			files = (
			);
			runOnlyForDeploymentPostprocessing = 0;
		};
		5A8966241F99D2CA0042FC54 /* Frameworks */ = {
			isa = PBXFrameworksBuildPhase;
			buildActionMask = 2147483647;
			files = (
			);
			runOnlyForDeploymentPostprocessing = 0;
		};
/* End PBXFrameworksBuildPhase section */

/* Begin PBXGroup section */
		5A8965FD1F99D2C80042FC54 = {
			isa = PBXGroup;
			children = (
				5A8966081F99D2C90042FC54 /* RSSpringApp */,
				5A89661C1F99D2CA0042FC54 /* RSSpringApp WatchKit App */,
				5A89662B1F99D2CA0042FC54 /* RSSpringApp WatchKit Extension */,
				5A8966071F99D2C90042FC54 /* Products */,
			);
			sourceTree = "<group>";
		};
		5A8966071F99D2C90042FC54 /* Products */ = {
			isa = PBXGroup;
			children = (
				5A8966061F99D2C90042FC54 /* RSSpringApp.app */,
				5A8966181F99D2CA0042FC54 /* RSSpringApp WatchKit App.app */,
				5A8966271F99D2CA0042FC54 /* RSSpringApp WatchKit Extension.appex */,
			);
			name = Products;
			sourceTree = "<group>";
		};
		5A8966081F99D2C90042FC54 /* RSSpringApp */ = {
			isa = PBXGroup;
			children = (
				5A8966091F99D2C90042FC54 /* AppDelegate.swift */,
				5A89660B1F99D2C90042FC54 /* ViewController.swift */,
				5A89660D1F99D2C90042FC54 /* Main.storyboard */,
				5A8966101F99D2CA0042FC54 /* Assets.xcassets */,
				5A8966121F99D2CA0042FC54 /* LaunchScreen.storyboard */,
				5A8966151F99D2CA0042FC54 /* Info.plist */,
			);
			path = RSSpringApp;
			sourceTree = "<group>";
		};
		5A89661C1F99D2CA0042FC54 /* RSSpringApp WatchKit App */ = {
			isa = PBXGroup;
			children = (
				5A89661D1F99D2CA0042FC54 /* Interface.storyboard */,
				5A8966201F99D2CA0042FC54 /* Assets.xcassets */,
				5A8966221F99D2CA0042FC54 /* Info.plist */,
			);
			path = "RSSpringApp WatchKit App";
			sourceTree = "<group>";
		};
		5A89662B1F99D2CA0042FC54 /* RSSpringApp WatchKit Extension */ = {
			isa = PBXGroup;
			children = (
				5A89662C1F99D2CA0042FC54 /* InterfaceController.swift */,
				5A8966421F99D40F0042FC54 /* LoadingScene.sks */,
				5AA1BBCB1F99D9FB00F785B1 /* LoadingScene.swift */,
				5A89662E1F99D2CA0042FC54 /* ExtensionDelegate.swift */,
				5A8966301F99D2CB0042FC54 /* Assets.xcassets */,
				5A8966321F99D2CB0042FC54 /* Info.plist */,
			);
			path = "RSSpringApp WatchKit Extension";
			sourceTree = "<group>";
		};
/* End PBXGroup section */

/* Begin PBXNativeTarget section */
		5A8966051F99D2C90042FC54 /* RSSpringApp */ = {
			isa = PBXNativeTarget;
			buildConfigurationList = 5A89663D1F99D2CB0042FC54 /* Build configuration list for PBXNativeTarget "RSSpringApp" */;
			buildPhases = (
				5A8966021F99D2C90042FC54 /* Sources */,
				5A8966031F99D2C90042FC54 /* Frameworks */,
				5A8966041F99D2C90042FC54 /* Resources */,
				5A89663C1F99D2CB0042FC54 /* Embed Watch Content */,
			);
			buildRules = (
			);
			dependencies = (
				5A89661B1F99D2CA0042FC54 /* PBXTargetDependency */,
			);
			name = RSSpringApp;
			productName = RSSpringApp;
			productReference = 5A8966061F99D2C90042FC54 /* RSSpringApp.app */;
			productType = "com.apple.product-type.application";
		};
		5A8966171F99D2CA0042FC54 /* RSSpringApp WatchKit App */ = {
			isa = PBXNativeTarget;
			buildConfigurationList = 5A8966391F99D2CB0042FC54 /* Build configuration list for PBXNativeTarget "RSSpringApp WatchKit App" */;
			buildPhases = (
				5A8966161F99D2CA0042FC54 /* Resources */,
				5A8966381F99D2CB0042FC54 /* Embed App Extensions */,
			);
			buildRules = (
			);
			dependencies = (
				5A89662A1F99D2CA0042FC54 /* PBXTargetDependency */,
			);
			name = "RSSpringApp WatchKit App";
			productName = "RSSpringApp WatchKit App";
			productReference = 5A8966181F99D2CA0042FC54 /* RSSpringApp WatchKit App.app */;
			productType = "com.apple.product-type.application.watchapp2";
		};
		5A8966261F99D2CA0042FC54 /* RSSpringApp WatchKit Extension */ = {
			isa = PBXNativeTarget;
			buildConfigurationList = 5A8966351F99D2CB0042FC54 /* Build configuration list for PBXNativeTarget "RSSpringApp WatchKit Extension" */;
			buildPhases = (
				5A8966231F99D2CA0042FC54 /* Sources */,
				5A8966241F99D2CA0042FC54 /* Frameworks */,
				5A8966251F99D2CA0042FC54 /* Resources */,
			);
			buildRules = (
			);
			dependencies = (
			);
			name = "RSSpringApp WatchKit Extension";
			productName = "RSSpringApp WatchKit Extension";
			productReference = 5A8966271F99D2CA0042FC54 /* RSSpringApp WatchKit Extension.appex */;
			productType = "com.apple.product-type.watchkit2-extension";
		};
/* End PBXNativeTarget section */

/* Begin PBXProject section */
		5A8965FE1F99D2C90042FC54 /* Project object */ = {
			isa = PBXProject;
			attributes = {
				LastSwiftUpdateCheck = 0900;
				LastUpgradeCheck = 0900;
				ORGANIZATIONNAME = Roster;
				TargetAttributes = {
					5A8966051F99D2C90042FC54 = {
						CreatedOnToolsVersion = 9.0;
						ProvisioningStyle = Manual;
					};
					5A8966171F99D2CA0042FC54 = {
						CreatedOnToolsVersion = 9.0;
						ProvisioningStyle = Manual;
					};
					5A8966261F99D2CA0042FC54 = {
						CreatedOnToolsVersion = 9.0;
						ProvisioningStyle = Manual;
					};
				};
			};
			buildConfigurationList = 5A8966011F99D2C90042FC54 /* Build configuration list for PBXProject "RSSpringApp" */;
			compatibilityVersion = "Xcode 8.0";
			developmentRegion = en;
			hasScannedForEncodings = 0;
			knownRegions = (
				en,
				Base,
			);
			mainGroup = 5A8965FD1F99D2C80042FC54;
			productRefGroup = 5A8966071F99D2C90042FC54 /* Products */;
			projectDirPath = "";
			projectRoot = "";
			targets = (
				5A8966051F99D2C90042FC54 /* RSSpringApp */,
				5A8966171F99D2CA0042FC54 /* RSSpringApp WatchKit App */,
				5A8966261F99D2CA0042FC54 /* RSSpringApp WatchKit Extension */,
			);
		};
/* End PBXProject section */

/* Begin PBXResourcesBuildPhase section */
		5A8966041F99D2C90042FC54 /* Resources */ = {
			isa = PBXResourcesBuildPhase;
			buildActionMask = 2147483647;
			files = (
				5A8966141F99D2CA0042FC54 /* LaunchScreen.storyboard in Resources */,
				5A8966111F99D2CA0042FC54 /* Assets.xcassets in Resources */,
				5A89660F1F99D2C90042FC54 /* Main.storyboard in Resources */,
			);
			runOnlyForDeploymentPostprocessing = 0;
		};
		5A8966161F99D2CA0042FC54 /* Resources */ = {
			isa = PBXResourcesBuildPhase;
			buildActionMask = 2147483647;
			files = (
				5A8966211F99D2CA0042FC54 /* Assets.xcassets in Resources */,
				5A89661F1F99D2CA0042FC54 /* Interface.storyboard in Resources */,
			);
			runOnlyForDeploymentPostprocessing = 0;
		};
		5A8966251F99D2CA0042FC54 /* Resources */ = {
			isa = PBXResourcesBuildPhase;
			buildActionMask = 2147483647;
			files = (
				5A8966431F99D40F0042FC54 /* LoadingScene.sks in Resources */,
				5A8966311F99D2CB0042FC54 /* Assets.xcassets in Resources */,
			);
			runOnlyForDeploymentPostprocessing = 0;
		};
/* End PBXResourcesBuildPhase section */

/* Begin PBXSourcesBuildPhase section */
		5A8966021F99D2C90042FC54 /* Sources */ = {
			isa = PBXSourcesBuildPhase;
			buildActionMask = 2147483647;
			files = (
				5A89660C1F99D2C90042FC54 /* ViewController.swift in Sources */,
				5A89660A1F99D2C90042FC54 /* AppDelegate.swift in Sources */,
			);
			runOnlyForDeploymentPostprocessing = 0;
		};
		5A8966231F99D2CA0042FC54 /* Sources */ = {
			isa = PBXSourcesBuildPhase;
			buildActionMask = 2147483647;
			files = (
				5A89662F1F99D2CA0042FC54 /* ExtensionDelegate.swift in Sources */,
				5AA1BBCC1F99D9FB00F785B1 /* LoadingScene.swift in Sources */,
				5A89662D1F99D2CA0042FC54 /* InterfaceController.swift in Sources */,
			);
			runOnlyForDeploymentPostprocessing = 0;
		};
/* End PBXSourcesBuildPhase section */

/* Begin PBXTargetDependency section */
		5A89661B1F99D2CA0042FC54 /* PBXTargetDependency */ = {
			isa = PBXTargetDependency;
			target = 5A8966171F99D2CA0042FC54 /* RSSpringApp WatchKit App */;
			targetProxy = 5A89661A1F99D2CA0042FC54 /* PBXContainerItemProxy */;
		};
		5A89662A1F99D2CA0042FC54 /* PBXTargetDependency */ = {
			isa = PBXTargetDependency;
			target = 5A8966261F99D2CA0042FC54 /* RSSpringApp WatchKit Extension */;
			targetProxy = 5A8966291F99D2CA0042FC54 /* PBXContainerItemProxy */;
		};
/* End PBXTargetDependency section */

/* Begin PBXVariantGroup section */
		5A89660D1F99D2C90042FC54 /* Main.storyboard */ = {
			isa = PBXVariantGroup;
			children = (
				5A89660E1F99D2C90042FC54 /* Base */,
			);
			name = Main.storyboard;
			sourceTree = "<group>";
		};
		5A8966121F99D2CA0042FC54 /* LaunchScreen.storyboard */ = {
			isa = PBXVariantGroup;
			children = (
				5A8966131F99D2CA0042FC54 /* Base */,
			);
			name = LaunchScreen.storyboard;
			sourceTree = "<group>";
		};
		5A89661D1F99D2CA0042FC54 /* Interface.storyboard */ = {
			isa = PBXVariantGroup;
			children = (
				5A89661E1F99D2CA0042FC54 /* Base */,
			);
			name = Interface.storyboard;
			sourceTree = "<group>";
		};
/* End PBXVariantGroup section */

/* Begin XCBuildConfiguration section */
		5A8966331F99D2CB0042FC54 /* Debug */ = {
			isa = XCBuildConfiguration;
			buildSettings = {
				ALWAYS_SEARCH_USER_PATHS = NO;
				CLANG_ANALYZER_NONNULL = YES;
				CLANG_ANALYZER_NUMBER_OBJECT_CONVERSION = YES_AGGRESSIVE;
				CLANG_CXX_LANGUAGE_STANDARD = "gnu++14";
				CLANG_CXX_LIBRARY = "libc++";
				CLANG_ENABLE_MODULES = YES;
				CLANG_ENABLE_OBJC_ARC = YES;
				CLANG_WARN_BLOCK_CAPTURE_AUTORELEASING = YES;
				CLANG_WARN_BOOL_CONVERSION = YES;
				CLANG_WARN_COMMA = YES;
				CLANG_WARN_CONSTANT_CONVERSION = YES;
				CLANG_WARN_DIRECT_OBJC_ISA_USAGE = YES_ERROR;
				CLANG_WARN_DOCUMENTATION_COMMENTS = YES;
				CLANG_WARN_EMPTY_BODY = YES;
				CLANG_WARN_ENUM_CONVERSION = YES;
				CLANG_WARN_INFINITE_RECURSION = YES;
				CLANG_WARN_INT_CONVERSION = YES;
				CLANG_WARN_NON_LITERAL_NULL_CONVERSION = YES;
				CLANG_WARN_OBJC_LITERAL_CONVERSION = YES;
				CLANG_WARN_OBJC_ROOT_CLASS = YES_ERROR;
				CLANG_WARN_RANGE_LOOP_ANALYSIS = YES;
				CLANG_WARN_STRICT_PROTOTYPES = YES;
				CLANG_WARN_SUSPICIOUS_MOVE = YES;
				CLANG_WARN_UNGUARDED_AVAILABILITY = YES_AGGRESSIVE;
				CLANG_WARN_UNREACHABLE_CODE = YES;
				CLANG_WARN__DUPLICATE_METHOD_MATCH = YES;
				CODE_SIGN_IDENTITY = "iPhone Developer";
				COPY_PHASE_STRIP = NO;
				DEBUG_INFORMATION_FORMAT = dwarf;
				ENABLE_STRICT_OBJC_MSGSEND = YES;
				ENABLE_TESTABILITY = YES;
				GCC_C_LANGUAGE_STANDARD = gnu11;
				GCC_DYNAMIC_NO_PIC = NO;
				GCC_NO_COMMON_BLOCKS = YES;
				GCC_OPTIMIZATION_LEVEL = 0;
				GCC_PREPROCESSOR_DEFINITIONS = (
					"DEBUG=1",
					"$(inherited)",
				);
				GCC_WARN_64_TO_32_BIT_CONVERSION = YES;
				GCC_WARN_ABOUT_RETURN_TYPE = YES_ERROR;
				GCC_WARN_UNDECLARED_SELECTOR = YES;
				GCC_WARN_UNINITIALIZED_AUTOS = YES_AGGRESSIVE;
				GCC_WARN_UNUSED_FUNCTION = YES;
				GCC_WARN_UNUSED_VARIABLE = YES;
				IPHONEOS_DEPLOYMENT_TARGET = 11.0;
				MTL_ENABLE_DEBUG_INFO = YES;
				ONLY_ACTIVE_ARCH = YES;
				SDKROOT = iphoneos;
				SWIFT_ACTIVE_COMPILATION_CONDITIONS = DEBUG;
				SWIFT_OPTIMIZATION_LEVEL = "-Onone";
			};
			name = Debug;
		};
		5A8966341F99D2CB0042FC54 /* Release */ = {
			isa = XCBuildConfiguration;
			buildSettings = {
				ALWAYS_SEARCH_USER_PATHS = NO;
				CLANG_ANALYZER_NONNULL = YES;
				CLANG_ANALYZER_NUMBER_OBJECT_CONVERSION = YES_AGGRESSIVE;
				CLANG_CXX_LANGUAGE_STANDARD = "gnu++14";
				CLANG_CXX_LIBRARY = "libc++";
				CLANG_ENABLE_MODULES = YES;
				CLANG_ENABLE_OBJC_ARC = YES;
				CLANG_WARN_BLOCK_CAPTURE_AUTORELEASING = YES;
				CLANG_WARN_BOOL_CONVERSION = YES;
				CLANG_WARN_COMMA = YES;
				CLANG_WARN_CONSTANT_CONVERSION = YES;
				CLANG_WARN_DIRECT_OBJC_ISA_USAGE = YES_ERROR;
				CLANG_WARN_DOCUMENTATION_COMMENTS = YES;
				CLANG_WARN_EMPTY_BODY = YES;
				CLANG_WARN_ENUM_CONVERSION = YES;
				CLANG_WARN_INFINITE_RECURSION = YES;
				CLANG_WARN_INT_CONVERSION = YES;
				CLANG_WARN_NON_LITERAL_NULL_CONVERSION = YES;
				CLANG_WARN_OBJC_LITERAL_CONVERSION = YES;
				CLANG_WARN_OBJC_ROOT_CLASS = YES_ERROR;
				CLANG_WARN_RANGE_LOOP_ANALYSIS = YES;
				CLANG_WARN_STRICT_PROTOTYPES = YES;
				CLANG_WARN_SUSPICIOUS_MOVE = YES;
				CLANG_WARN_UNGUARDED_AVAILABILITY = YES_AGGRESSIVE;
				CLANG_WARN_UNREACHABLE_CODE = YES;
				CLANG_WARN__DUPLICATE_METHOD_MATCH = YES;
				CODE_SIGN_IDENTITY = "iPhone Developer";
				COPY_PHASE_STRIP = NO;
				DEBUG_INFORMATION_FORMAT = "dwarf-with-dsym";
				ENABLE_NS_ASSERTIONS = NO;
				ENABLE_STRICT_OBJC_MSGSEND = YES;
				GCC_C_LANGUAGE_STANDARD = gnu11;
				GCC_NO_COMMON_BLOCKS = YES;
				GCC_WARN_64_TO_32_BIT_CONVERSION = YES;
				GCC_WARN_ABOUT_RETURN_TYPE = YES_ERROR;
				GCC_WARN_UNDECLARED_SELECTOR = YES;
				GCC_WARN_UNINITIALIZED_AUTOS = YES_AGGRESSIVE;
				GCC_WARN_UNUSED_FUNCTION = YES;
				GCC_WARN_UNUSED_VARIABLE = YES;
				IPHONEOS_DEPLOYMENT_TARGET = 11.0;
				MTL_ENABLE_DEBUG_INFO = NO;
				SDKROOT = iphoneos;
				SWIFT_OPTIMIZATION_LEVEL = "-Owholemodule";
				VALIDATE_PRODUCT = YES;
			};
			name = Release;
		};
		5A8966361F99D2CB0042FC54 /* Debug */ = {
			isa = XCBuildConfiguration;
			buildSettings = {
				ASSETCATALOG_COMPILER_COMPLICATION_NAME = Complication;
				CODE_SIGN_STYLE = Manual;
				DEVELOPMENT_TEAM = "";
				INFOPLIST_FILE = "RSSpringApp WatchKit Extension/Info.plist";
				LD_RUNPATH_SEARCH_PATHS = "$(inherited) @executable_path/Frameworks @executable_path/../../Frameworks";
				PRODUCT_BUNDLE_IDENTIFIER = com.ackirin.RSSpringApp.watchkitapp.watchkitextension;
				PRODUCT_NAME = "${TARGET_NAME}";
				PROVISIONING_PROFILE_SPECIFIER = "";
				SDKROOT = watchos;
				SKIP_INSTALL = YES;
				SWIFT_VERSION = 4.0;
				TARGETED_DEVICE_FAMILY = 4;
				WATCHOS_DEPLOYMENT_TARGET = 4.0;
			};
			name = Debug;
		};
		5A8966371F99D2CB0042FC54 /* Release */ = {
			isa = XCBuildConfiguration;
			buildSettings = {
				ASSETCATALOG_COMPILER_COMPLICATION_NAME = Complication;
				CODE_SIGN_STYLE = Manual;
				DEVELOPMENT_TEAM = "";
				INFOPLIST_FILE = "RSSpringApp WatchKit Extension/Info.plist";
				LD_RUNPATH_SEARCH_PATHS = "$(inherited) @executable_path/Frameworks @executable_path/../../Frameworks";
				PRODUCT_BUNDLE_IDENTIFIER = com.ackirin.RSSpringApp.watchkitapp.watchkitextension;
				PRODUCT_NAME = "${TARGET_NAME}";
				PROVISIONING_PROFILE_SPECIFIER = "";
				SDKROOT = watchos;
				SKIP_INSTALL = YES;
				SWIFT_VERSION = 4.0;
				TARGETED_DEVICE_FAMILY = 4;
				WATCHOS_DEPLOYMENT_TARGET = 4.0;
			};
			name = Release;
		};
		5A89663A1F99D2CB0042FC54 /* Debug */ = {
			isa = XCBuildConfiguration;
			buildSettings = {
				ALWAYS_EMBED_SWIFT_STANDARD_LIBRARIES = YES;
				ASSETCATALOG_COMPILER_APPICON_NAME = AppIcon;
				CODE_SIGN_STYLE = Manual;
				DEVELOPMENT_TEAM = "";
				IBSC_MODULE = RSSpringApp_WatchKit_Extension;
				INFOPLIST_FILE = "RSSpringApp WatchKit App/Info.plist";
				PRODUCT_BUNDLE_IDENTIFIER = com.ackirin.RSSpringApp.watchkitapp;
				PRODUCT_NAME = "$(TARGET_NAME)";
				PROVISIONING_PROFILE_SPECIFIER = "";
				SDKROOT = watchos;
				SKIP_INSTALL = YES;
				SWIFT_VERSION = 4.0;
				TARGETED_DEVICE_FAMILY = 4;
				WATCHOS_DEPLOYMENT_TARGET = 4.0;
			};
			name = Debug;
		};
		5A89663B1F99D2CB0042FC54 /* Release */ = {
			isa = XCBuildConfiguration;
			buildSettings = {
				ALWAYS_EMBED_SWIFT_STANDARD_LIBRARIES = YES;
				ASSETCATALOG_COMPILER_APPICON_NAME = AppIcon;
				CODE_SIGN_STYLE = Manual;
				DEVELOPMENT_TEAM = "";
				IBSC_MODULE = RSSpringApp_WatchKit_Extension;
				INFOPLIST_FILE = "RSSpringApp WatchKit App/Info.plist";
				PRODUCT_BUNDLE_IDENTIFIER = com.ackirin.RSSpringApp.watchkitapp;
				PRODUCT_NAME = "$(TARGET_NAME)";
				PROVISIONING_PROFILE_SPECIFIER = "";
				SDKROOT = watchos;
				SKIP_INSTALL = YES;
				SWIFT_VERSION = 4.0;
				TARGETED_DEVICE_FAMILY = 4;
				WATCHOS_DEPLOYMENT_TARGET = 4.0;
			};
			name = Release;
		};
		5A89663E1F99D2CB0042FC54 /* Debug */ = {
			isa = XCBuildConfiguration;
			buildSettings = {
				ASSETCATALOG_COMPILER_APPICON_NAME = AppIcon;
				CODE_SIGN_STYLE = Manual;
				DEVELOPMENT_TEAM = "";
				INFOPLIST_FILE = RSSpringApp/Info.plist;
				LD_RUNPATH_SEARCH_PATHS = "$(inherited) @executable_path/Frameworks";
				PRODUCT_BUNDLE_IDENTIFIER = com.ackirin.RSSpringApp;
				PRODUCT_NAME = "$(TARGET_NAME)";
				PROVISIONING_PROFILE_SPECIFIER = "";
				SWIFT_VERSION = 4.0;
				TARGETED_DEVICE_FAMILY = "1,2";
			};
			name = Debug;
		};
		5A89663F1F99D2CB0042FC54 /* Release */ = {
			isa = XCBuildConfiguration;
			buildSettings = {
				ASSETCATALOG_COMPILER_APPICON_NAME = AppIcon;
				CODE_SIGN_STYLE = Manual;
				DEVELOPMENT_TEAM = "";
				INFOPLIST_FILE = RSSpringApp/Info.plist;
				LD_RUNPATH_SEARCH_PATHS = "$(inherited) @executable_path/Frameworks";
				PRODUCT_BUNDLE_IDENTIFIER = com.ackirin.RSSpringApp;
				PRODUCT_NAME = "$(TARGET_NAME)";
				PROVISIONING_PROFILE_SPECIFIER = "";
				SWIFT_VERSION = 4.0;
				TARGETED_DEVICE_FAMILY = "1,2";
			};
			name = Release;
		};
/* End XCBuildConfiguration section */

/* Begin XCConfigurationList section */
		5A8966011F99D2C90042FC54 /* Build configuration list for PBXProject "RSSpringApp" */ = {
			isa = XCConfigurationList;
			buildConfigurations = (
				5A8966331F99D2CB0042FC54 /* Debug */,
				5A8966341F99D2CB0042FC54 /* Release */,
			);
			defaultConfigurationIsVisible = 0;
			defaultConfigurationName = Release;
		};
		5A8966351F99D2CB0042FC54 /* Build configuration list for PBXNativeTarget "RSSpringApp WatchKit Extension" */ = {
			isa = XCConfigurationList;
			buildConfigurations = (
				5A8966361F99D2CB0042FC54 /* Debug */,
				5A8966371F99D2CB0042FC54 /* Release */,
			);
			defaultConfigurationIsVisible = 0;
			defaultConfigurationName = Release;
		};
		5A8966391F99D2CB0042FC54 /* Build configuration list for PBXNativeTarget "RSSpringApp WatchKit App" */ = {
			isa = XCConfigurationList;
			buildConfigurations = (
				5A89663A1F99D2CB0042FC54 /* Debug */,
				5A89663B1F99D2CB0042FC54 /* Release */,
			);
			defaultConfigurationIsVisible = 0;
			defaultConfigurationName = Release;
		};
		5A89663D1F99D2CB0042FC54 /* Build configuration list for PBXNativeTarget "RSSpringApp" */ = {
			isa = XCConfigurationList;
			buildConfigurations = (
				5A89663E1F99D2CB0042FC54 /* Debug */,
				5A89663F1F99D2CB0042FC54 /* Release */,
			);
			defaultConfigurationIsVisible = 0;
			defaultConfigurationName = Release;
		};
/* End XCConfigurationList section */
	};
	rootObject = 5A8965FE1F99D2C90042FC54 /* Project object */;
}
